
Microsoft Visual Studio Solution File, Format Version 12.00
# Visual Studio Version 17
VisualStudioVersion = 17.12.35527.113 d17.12
MinimumVisualStudioVersion = 10.0.40219.1
Project("{FAE04EC0-301F-11D3-BF4B-00C04F79EFBC}") = "Практическая работа 3 часть 1 - Буквы", "Практическая работа 3 часть 1 - Буквы.csproj", "{9FB25D74-6444-4F66-88F1-08E0D5FA7D10}"
EndProject
Global
	GlobalSection(SolutionConfigurationPlatforms) = preSolution
		Debug|Any CPU = Debug|Any CPU
		Release|Any CPU = Release|Any CPU
	EndGlobalSection
	GlobalSection(ProjectConfigurationPlatforms) = postSolution
		{9FB25D74-6444-4F66-88F1-08E0D5FA7D10}.Debug|Any CPU.ActiveCfg = Debug|Any CPU
		{9FB25D74-6444-4F66-88F1-08E0D5FA7D10}.Debug|Any CPU.Build.0 = Debug|Any CPU
		{9FB25D74-6444-4F66-88F1-08E0D5FA7D10}.Release|Any CPU.ActiveCfg = Release|Any CPU
		{9FB25D74-6444-4F66-88F1-08E0D5FA7D10}.Release|Any CPU.Build.0 = Release|Any CPU
	EndGlobalSection
	GlobalSection(SolutionProperties) = preSolution
		HideSolutionNode = FALSE
	EndGlobalSection
EndGlobal
